
Microsoft Visual Studio Solution File, Format Version 12.00
# Visual Studio Version 17
VisualStudioVersion = 17.10.34916.146
MinimumVisualStudioVersion = 10.0.40219.1
Project("{FAE04EC0-301F-11D3-BF4B-00C04F79EFBC}") = "GatewayService", "GatewayService\GatewayService.csproj", "{C7C34F89-671E-48FE-8FCD-274E5E045250}"
EndProject
Global
	GlobalSection(SolutionConfigurationPlatforms) = preSolution
		Debug|Any CPU = Debug|Any CPU
		Release|Any CPU = Release|Any CPU
	EndGlobalSection
	GlobalSection(ProjectConfigurationPlatforms) = postSolution
		{C7C34F89-671E-48FE-8FCD-274E5E045250}.Debug|Any CPU.ActiveCfg = Debug|Any CPU
		{C7C34F89-671E-48FE-8FCD-274E5E045250}.Debug|Any CPU.Build.0 = Debug|Any CPU
		{C7C34F89-671E-48FE-8FCD-274E5E045250}.Release|Any CPU.ActiveCfg = Release|Any CPU
		{C7C34F89-671E-48FE-8FCD-274E5E045250}.Release|Any CPU.Build.0 = Release|Any CPU
	EndGlobalSection
	GlobalSection(SolutionProperties) = preSolution
		HideSolutionNode = FALSE
	EndGlobalSection
	GlobalSection(ExtensibilityGlobals) = postSolution
		SolutionGuid = {BD524586-CD0D-4509-A5D9-FA271CE970C3}
	EndGlobalSection
EndGlobal
