
Microsoft Visual Studio Solution File, Format Version 12.00
# Visual Studio Version 17
VisualStudioVersion = 17.10.34916.146
MinimumVisualStudioVersion = 10.0.40219.1
Project("{9A19103F-16F7-4668-BE54-9A1E7A4F7556}") = "GatewayService", "GatewayService\GatewayService.csproj", "{C7C34F89-671E-48FE-8FCD-274E5E045250}"
EndProject
Project("{9A19103F-16F7-4668-BE54-9A1E7A4F7556}") = "AuthService", "AuthService\AuthService.csproj", "{7FBA4C12-9403-4313-AF4D-B8486F6E8261}"
EndProject
Project("{E53339B2-1760-4266-BCC7-CA923CBCF16C}") = "docker-compose", "docker-compose.dcproj", "{EEAEA223-9485-4F18-A804-4AC1A10364D4}"
EndProject
Project("{2150E333-8FDC-42A3-9474-1A3956D46DE8}") = "common", "common", "{CE8736CF-4716-4D07-876C-F7547EE22AD5}"
EndProject
Project("{2150E333-8FDC-42A3-9474-1A3956D46DE8}") = "database", "database", "{61DB6172-A410-4D53-8025-6C698350A05F}"
	ProjectSection(SolutionItems) = preProject
		init.sql = init.sql
	EndProjectSection
EndProject
Project("{2150E333-8FDC-42A3-9474-1A3956D46DE8}") = "Infrastructure", "Infrastructure", "{0A5BD5C2-D1C6-476E-BA88-EA757823A1AB}"
EndProject
Project("{9A19103F-16F7-4668-BE54-9A1E7A4F7556}") = "Infrastructure", "Infrastructure\Infrastructure.csproj", "{C77A95C8-E5E3-4E5E-8BDB-CBEB50D4ADCB}"
EndProject
Project("{9A19103F-16F7-4668-BE54-9A1E7A4F7556}") = "UserService", "UserService\UserService.csproj", "{E063B054-3064-430E-A777-8841B36A8096}"
EndProject
Project("{9A19103F-16F7-4668-BE54-9A1E7A4F7556}") = "GradeService", "GradeService\GradeService.csproj", "{1D7D81A1-484E-4A64-91D2-09EAB1D879E8}"
EndProject
Project("{FAE04EC0-301F-11D3-BF4B-00C04F79EFBC}") = "AnaliticsService", "AnaliticsService\AnaliticsService.csproj", "{3A6DE831-D889-4043-8D5D-3567046D753B}"
EndProject
Project("{FAE04EC0-301F-11D3-BF4B-00C04F79EFBC}") = "Analytics", "Analytics\Analytics.csproj", "{3936D8C6-29E4-4470-B841-1B13B14C6A6E}"
EndProject
Global
	GlobalSection(SolutionConfigurationPlatforms) = preSolution
		Debug|Any CPU = Debug|Any CPU
		Release|Any CPU = Release|Any CPU
	EndGlobalSection
	GlobalSection(ProjectConfigurationPlatforms) = postSolution
		{C7C34F89-671E-48FE-8FCD-274E5E045250}.Debug|Any CPU.ActiveCfg = Debug|Any CPU
		{C7C34F89-671E-48FE-8FCD-274E5E045250}.Debug|Any CPU.Build.0 = Debug|Any CPU
		{C7C34F89-671E-48FE-8FCD-274E5E045250}.Release|Any CPU.ActiveCfg = Release|Any CPU
		{C7C34F89-671E-48FE-8FCD-274E5E045250}.Release|Any CPU.Build.0 = Release|Any CPU
		{7FBA4C12-9403-4313-AF4D-B8486F6E8261}.Debug|Any CPU.ActiveCfg = Debug|Any CPU
		{7FBA4C12-9403-4313-AF4D-B8486F6E8261}.Debug|Any CPU.Build.0 = Debug|Any CPU
		{7FBA4C12-9403-4313-AF4D-B8486F6E8261}.Release|Any CPU.ActiveCfg = Release|Any CPU
		{7FBA4C12-9403-4313-AF4D-B8486F6E8261}.Release|Any CPU.Build.0 = Release|Any CPU
		{EEAEA223-9485-4F18-A804-4AC1A10364D4}.Debug|Any CPU.ActiveCfg = Debug|Any CPU
		{EEAEA223-9485-4F18-A804-4AC1A10364D4}.Debug|Any CPU.Build.0 = Debug|Any CPU
		{EEAEA223-9485-4F18-A804-4AC1A10364D4}.Release|Any CPU.ActiveCfg = Release|Any CPU
		{EEAEA223-9485-4F18-A804-4AC1A10364D4}.Release|Any CPU.Build.0 = Release|Any CPU
		{C77A95C8-E5E3-4E5E-8BDB-CBEB50D4ADCB}.Debug|Any CPU.ActiveCfg = Debug|Any CPU
		{C77A95C8-E5E3-4E5E-8BDB-CBEB50D4ADCB}.Debug|Any CPU.Build.0 = Debug|Any CPU
		{C77A95C8-E5E3-4E5E-8BDB-CBEB50D4ADCB}.Release|Any CPU.ActiveCfg = Release|Any CPU
		{C77A95C8-E5E3-4E5E-8BDB-CBEB50D4ADCB}.Release|Any CPU.Build.0 = Release|Any CPU
		{E063B054-3064-430E-A777-8841B36A8096}.Debug|Any CPU.ActiveCfg = Debug|Any CPU
		{E063B054-3064-430E-A777-8841B36A8096}.Debug|Any CPU.Build.0 = Debug|Any CPU
		{E063B054-3064-430E-A777-8841B36A8096}.Release|Any CPU.ActiveCfg = Release|Any CPU
		{E063B054-3064-430E-A777-8841B36A8096}.Release|Any CPU.Build.0 = Release|Any CPU
		{1D7D81A1-484E-4A64-91D2-09EAB1D879E8}.Debug|Any CPU.ActiveCfg = Debug|Any CPU
		{1D7D81A1-484E-4A64-91D2-09EAB1D879E8}.Debug|Any CPU.Build.0 = Debug|Any CPU
		{1D7D81A1-484E-4A64-91D2-09EAB1D879E8}.Release|Any CPU.ActiveCfg = Release|Any CPU
		{1D7D81A1-484E-4A64-91D2-09EAB1D879E8}.Release|Any CPU.Build.0 = Release|Any CPU
		{3A6DE831-D889-4043-8D5D-3567046D753B}.Debug|Any CPU.ActiveCfg = Debug|Any CPU
		{3A6DE831-D889-4043-8D5D-3567046D753B}.Debug|Any CPU.Build.0 = Debug|Any CPU
		{3A6DE831-D889-4043-8D5D-3567046D753B}.Release|Any CPU.ActiveCfg = Release|Any CPU
		{3A6DE831-D889-4043-8D5D-3567046D753B}.Release|Any CPU.Build.0 = Release|Any CPU
		{3936D8C6-29E4-4470-B841-1B13B14C6A6E}.Debug|Any CPU.ActiveCfg = Debug|Any CPU
		{3936D8C6-29E4-4470-B841-1B13B14C6A6E}.Debug|Any CPU.Build.0 = Debug|Any CPU
		{3936D8C6-29E4-4470-B841-1B13B14C6A6E}.Release|Any CPU.ActiveCfg = Release|Any CPU
		{3936D8C6-29E4-4470-B841-1B13B14C6A6E}.Release|Any CPU.Build.0 = Release|Any CPU
	EndGlobalSection
	GlobalSection(SolutionProperties) = preSolution
		HideSolutionNode = FALSE
	EndGlobalSection
	GlobalSection(NestedProjects) = preSolution
		{EEAEA223-9485-4F18-A804-4AC1A10364D4} = {CE8736CF-4716-4D07-876C-F7547EE22AD5}
		{61DB6172-A410-4D53-8025-6C698350A05F} = {CE8736CF-4716-4D07-876C-F7547EE22AD5}
		{0A5BD5C2-D1C6-476E-BA88-EA757823A1AB} = {CE8736CF-4716-4D07-876C-F7547EE22AD5}
		{C77A95C8-E5E3-4E5E-8BDB-CBEB50D4ADCB} = {0A5BD5C2-D1C6-476E-BA88-EA757823A1AB}
		{3936D8C6-29E4-4470-B841-1B13B14C6A6E} = {CE8736CF-4716-4D07-876C-F7547EE22AD5}
	EndGlobalSection
	GlobalSection(ExtensibilityGlobals) = postSolution
		SolutionGuid = {BD524586-CD0D-4509-A5D9-FA271CE970C3}
	EndGlobalSection
EndGlobal
